// !$*UTF8*$!
{
	archiveVersion = 1;
	classes = {
	};
	objectVersion = 46;
	objects = {

/* Begin PBXBuildFile section */
		5C4B0F37185EC60B00610BFF /* applause@2x.png in Resources */ = {isa = PBXBuildFile; fileRef = 5C4B0F35185EC60B00610BFF /* applause@2x.png */; };
		5C4B0F38185EC60B00610BFF /* applause.png in Resources */ = {isa = PBXBuildFile; fileRef = 5C4B0F36185EC60B00610BFF /* applause.png */; };
		5C4B0F3D185EF10E00610BFF /* scream@2x.png in Resources */ = {isa = PBXBuildFile; fileRef = 5C4B0F3B185EF10E00610BFF /* scream@2x.png */; };
		5C4B0F3E185EF10E00610BFF /* scream.png in Resources */ = {isa = PBXBuildFile; fileRef = 5C4B0F3C185EF10E00610BFF /* scream.png */; };
		5C4B0F40185EF13100610BFF /* scream.wav in Resources */ = {isa = PBXBuildFile; fileRef = 5C4B0F3F185EF13100610BFF /* scream.wav */; };
		5C4B0F43185EF5F200610BFF /* chicken@2x.png in Resources */ = {isa = PBXBuildFile; fileRef = 5C4B0F41185EF5F200610BFF /* chicken@2x.png */; };
		5C4B0F44185EF5F200610BFF /* chicken.png in Resources */ = {isa = PBXBuildFile; fileRef = 5C4B0F42185EF5F200610BFF /* chicken.png */; };
		5C4B0F46185EF64B00610BFF /* chicken.wav in Resources */ = {isa = PBXBuildFile; fileRef = 5C4B0F45185EF64B00610BFF /* chicken.wav */; };
		5C4F3F0118618BF300D04DF6 /* toilet.wav in Resources */ = {isa = PBXBuildFile; fileRef = 5C4F3F0018618BF300D04DF6 /* toilet.wav */; };
		5C4F3F0418618C9900D04DF6 /* toilet@2x.png in Resources */ = {isa = PBXBuildFile; fileRef = 5C4F3F0218618C9900D04DF6 /* toilet@2x.png */; };
		5C4F3F0518618C9900D04DF6 /* toilet.png in Resources */ = {isa = PBXBuildFile; fileRef = 5C4F3F0318618C9900D04DF6 /* toilet.png */; };
		5C535A9B185C588000B92C82 /* Foundation.framework in Frameworks */ = {isa = PBXBuildFile; fileRef = 5C535A9A185C588000B92C82 /* Foundation.framework */; };
		5C535A9D185C588000B92C82 /* CoreGraphics.framework in Frameworks */ = {isa = PBXBuildFile; fileRef = 5C535A9C185C588000B92C82 /* CoreGraphics.framework */; };
		5C535A9F185C588000B92C82 /* UIKit.framework in Frameworks */ = {isa = PBXBuildFile; fileRef = 5C535A9E185C588000B92C82 /* UIKit.framework */; };
		5C535AA5185C588000B92C82 /* InfoPlist.strings in Resources */ = {isa = PBXBuildFile; fileRef = 5C535AA3185C588000B92C82 /* InfoPlist.strings */; };
		5C535AA7185C588000B92C82 /* main.m in Sources */ = {isa = PBXBuildFile; fileRef = 5C535AA6185C588000B92C82 /* main.m */; };
		5C535AAB185C588000B92C82 /* SBAppDelegate.m in Sources */ = {isa = PBXBuildFile; fileRef = 5C535AAA185C588000B92C82 /* SBAppDelegate.m */; };
		5C535AAE185C588000B92C82 /* Main.storyboard in Resources */ = {isa = PBXBuildFile; fileRef = 5C535AAC185C588000B92C82 /* Main.storyboard */; };
		5C535AB1185C588000B92C82 /* SBViewController.m in Sources */ = {isa = PBXBuildFile; fileRef = 5C535AB0185C588000B92C82 /* SBViewController.m */; };
		5C535AB3185C588000B92C82 /* Images.xcassets in Resources */ = {isa = PBXBuildFile; fileRef = 5C535AB2185C588000B92C82 /* Images.xcassets */; };
		5C535ABA185C588100B92C82 /* XCTest.framework in Frameworks */ = {isa = PBXBuildFile; fileRef = 5C535AB9185C588100B92C82 /* XCTest.framework */; };
		5C535ABB185C588100B92C82 /* Foundation.framework in Frameworks */ = {isa = PBXBuildFile; fileRef = 5C535A9A185C588000B92C82 /* Foundation.framework */; };
		5C535ABC185C588100B92C82 /* UIKit.framework in Frameworks */ = {isa = PBXBuildFile; fileRef = 5C535A9E185C588000B92C82 /* UIKit.framework */; };
		5C535AC4185C588100B92C82 /* InfoPlist.strings in Resources */ = {isa = PBXBuildFile; fileRef = 5C535AC2185C588100B92C82 /* InfoPlist.strings */; };
		5C535AC6185C588100B92C82 /* SoundBoxTests.m in Sources */ = {isa = PBXBuildFile; fileRef = 5C535AC5185C588100B92C82 /* SoundBoxTests.m */; };
		5C535AD0185D59AA00B92C82 /* AVFoundation.framework in Frameworks */ = {isa = PBXBuildFile; fileRef = 5C535ACF185D59AA00B92C82 /* AVFoundation.framework */; };
		5C5833DB1860185A0066AE3F /* droid.png in Resources */ = {isa = PBXBuildFile; fileRef = 5C5833D91860185A0066AE3F /* droid.png */; };
		5C5833DC1860185A0066AE3F /* droid@2x.png in Resources */ = {isa = PBXBuildFile; fileRef = 5C5833DA1860185A0066AE3F /* droid@2x.png */; };
		5C5833DE186018620066AE3F /* droid.wav in Resources */ = {isa = PBXBuildFile; fileRef = 5C5833DD186018620066AE3F /* droid.wav */; };
		5C5833E218601A460066AE3F /* applause.wav in Resources */ = {isa = PBXBuildFile; fileRef = 5C5833E118601A460066AE3F /* applause.wav */; };
		5CF6A3C7186170BC00931E7D /* mobile.wav in Resources */ = {isa = PBXBuildFile; fileRef = 5CF6A3C5186170BC00931E7D /* mobile.wav */; };
		5CF6A3CC186170C500931E7D /* mobile@2x.png in Resources */ = {isa = PBXBuildFile; fileRef = 5CF6A3C8186170C500931E7D /* mobile@2x.png */; };
		5CF6A3CD186170C500931E7D /* mobile.png in Resources */ = {isa = PBXBuildFile; fileRef = 5CF6A3C9186170C500931E7D /* mobile.png */; };
		5CF6A3CE186170C500931E7D /* knock.png in Resources */ = {isa = PBXBuildFile; fileRef = 5CF6A3CA186170C500931E7D /* knock.png */; };
		5CF6A3CF186170C500931E7D /* knock@2x.png in Resources */ = {isa = PBXBuildFile; fileRef = 5CF6A3CB186170C500931E7D /* knock@2x.png */; };
		5CF6A3D1186183A800931E7D /* knock.wav in Resources */ = {isa = PBXBuildFile; fileRef = 5CF6A3D0186183A800931E7D /* knock.wav */; };
/* End PBXBuildFile section */

/* Begin PBXContainerItemProxy section */
		5C535ABD185C588100B92C82 /* PBXContainerItemProxy */ = {
			isa = PBXContainerItemProxy;
			containerPortal = 5C535A8F185C588000B92C82 /* Project object */;
			proxyType = 1;
			remoteGlobalIDString = 5C535A96185C588000B92C82;
			remoteInfo = SoundBox;
		};
/* End PBXContainerItemProxy section */

/* Begin PBXFileReference section */
		5C4B0F35185EC60B00610BFF /* applause@2x.png */ = {isa = PBXFileReference; lastKnownFileType = image.png; path = "applause@2x.png"; sourceTree = "<group>"; };
		5C4B0F36185EC60B00610BFF /* applause.png */ = {isa = PBXFileReference; lastKnownFileType = image.png; path = applause.png; sourceTree = "<group>"; };
		5C4B0F3B185EF10E00610BFF /* scream@2x.png */ = {isa = PBXFileReference; lastKnownFileType = image.png; path = "scream@2x.png"; sourceTree = "<group>"; };
		5C4B0F3C185EF10E00610BFF /* scream.png */ = {isa = PBXFileReference; lastKnownFileType = image.png; path = scream.png; sourceTree = "<group>"; };
		5C4B0F3F185EF13100610BFF /* scream.wav */ = {isa = PBXFileReference; lastKnownFileType = audio.wav; path = scream.wav; sourceTree = "<group>"; };
		5C4B0F41185EF5F200610BFF /* chicken@2x.png */ = {isa = PBXFileReference; lastKnownFileType = image.png; path = "chicken@2x.png"; sourceTree = "<group>"; };
		5C4B0F42185EF5F200610BFF /* chicken.png */ = {isa = PBXFileReference; lastKnownFileType = image.png; path = chicken.png; sourceTree = "<group>"; };
		5C4B0F45185EF64B00610BFF /* chicken.wav */ = {isa = PBXFileReference; lastKnownFileType = audio.wav; path = chicken.wav; sourceTree = "<group>"; };
		5C4F3F0018618BF300D04DF6 /* toilet.wav */ = {isa = PBXFileReference; lastKnownFileType = audio.wav; path = toilet.wav; sourceTree = "<group>"; };
		5C4F3F0218618C9900D04DF6 /* toilet@2x.png */ = {isa = PBXFileReference; lastKnownFileType = image.png; path = "toilet@2x.png"; sourceTree = "<group>"; };
		5C4F3F0318618C9900D04DF6 /* toilet.png */ = {isa = PBXFileReference; lastKnownFileType = image.png; path = toilet.png; sourceTree = "<group>"; };
		5C535A97185C588000B92C82 /* Sound Cube.app */ = {isa = PBXFileReference; explicitFileType = wrapper.application; includeInIndex = 0; path = "Sound Cube.app"; sourceTree = BUILT_PRODUCTS_DIR; };
		5C535A9A185C588000B92C82 /* Foundation.framework */ = {isa = PBXFileReference; lastKnownFileType = wrapper.framework; name = Foundation.framework; path = System/Library/Frameworks/Foundation.framework; sourceTree = SDKROOT; };
		5C535A9C185C588000B92C82 /* CoreGraphics.framework */ = {isa = PBXFileReference; lastKnownFileType = wrapper.framework; name = CoreGraphics.framework; path = System/Library/Frameworks/CoreGraphics.framework; sourceTree = SDKROOT; };
		5C535A9E185C588000B92C82 /* UIKit.framework */ = {isa = PBXFileReference; lastKnownFileType = wrapper.framework; name = UIKit.framework; path = System/Library/Frameworks/UIKit.framework; sourceTree = SDKROOT; };
		5C535AA2185C588000B92C82 /* SoundBox-Info.plist */ = {isa = PBXFileReference; lastKnownFileType = text.plist.xml; path = "SoundBox-Info.plist"; sourceTree = "<group>"; };
		5C535AA4185C588000B92C82 /* en */ = {isa = PBXFileReference; lastKnownFileType = text.plist.strings; name = en; path = en.lproj/InfoPlist.strings; sourceTree = "<group>"; };
		5C535AA6185C588000B92C82 /* main.m */ = {isa = PBXFileReference; lastKnownFileType = sourcecode.c.objc; path = main.m; sourceTree = "<group>"; };
		5C535AA8185C588000B92C82 /* Sound Cube-Prefix.pch */ = {isa = PBXFileReference; lastKnownFileType = sourcecode.c.h; path = "Sound Cube-Prefix.pch"; sourceTree = "<group>"; };
		5C535AA9185C588000B92C82 /* SBAppDelegate.h */ = {isa = PBXFileReference; lastKnownFileType = sourcecode.c.h; path = SBAppDelegate.h; sourceTree = "<group>"; };
		5C535AAA185C588000B92C82 /* SBAppDelegate.m */ = {isa = PBXFileReference; lastKnownFileType = sourcecode.c.objc; path = SBAppDelegate.m; sourceTree = "<group>"; };
		5C535AAD185C588000B92C82 /* Base */ = {isa = PBXFileReference; lastKnownFileType = file.storyboard; name = Base; path = Base.lproj/Main.storyboard; sourceTree = "<group>"; };
		5C535AAF185C588000B92C82 /* SBViewController.h */ = {isa = PBXFileReference; lastKnownFileType = sourcecode.c.h; path = SBViewController.h; sourceTree = "<group>"; };
		5C535AB0185C588000B92C82 /* SBViewController.m */ = {isa = PBXFileReference; lastKnownFileType = sourcecode.c.objc; path = SBViewController.m; sourceTree = "<group>"; };
		5C535AB2185C588000B92C82 /* Images.xcassets */ = {isa = PBXFileReference; lastKnownFileType = folder.assetcatalog; path = Images.xcassets; sourceTree = "<group>"; };
		5C535AB8185C588100B92C82 /* Sound CubeTests.xctest */ = {isa = PBXFileReference; explicitFileType = wrapper.cfbundle; includeInIndex = 0; path = "Sound CubeTests.xctest"; sourceTree = BUILT_PRODUCTS_DIR; };
		5C535AB9185C588100B92C82 /* XCTest.framework */ = {isa = PBXFileReference; lastKnownFileType = wrapper.framework; name = XCTest.framework; path = Library/Frameworks/XCTest.framework; sourceTree = DEVELOPER_DIR; };
		5C535AC1185C588100B92C82 /* Sound CubeTests-Info.plist */ = {isa = PBXFileReference; lastKnownFileType = text.plist.xml; path = "Sound CubeTests-Info.plist"; sourceTree = "<group>"; };
		5C535AC3185C588100B92C82 /* en */ = {isa = PBXFileReference; lastKnownFileType = text.plist.strings; name = en; path = en.lproj/InfoPlist.strings; sourceTree = "<group>"; };
		5C535AC5185C588100B92C82 /* SoundBoxTests.m */ = {isa = PBXFileReference; lastKnownFileType = sourcecode.c.objc; path = SoundBoxTests.m; sourceTree = "<group>"; };
		5C535ACF185D59AA00B92C82 /* AVFoundation.framework */ = {isa = PBXFileReference; lastKnownFileType = wrapper.framework; name = AVFoundation.framework; path = System/Library/Frameworks/AVFoundation.framework; sourceTree = SDKROOT; };
		5C535AD7185D6D0200B92C82 /* helsinki.ttf */ = {isa = PBXFileReference; lastKnownFileType = file; path = helsinki.ttf; sourceTree = "<group>"; };
		5C5833D91860185A0066AE3F /* droid.png */ = {isa = PBXFileReference; lastKnownFileType = image.png; path = droid.png; sourceTree = "<group>"; };
		5C5833DA1860185A0066AE3F /* droid@2x.png */ = {isa = PBXFileReference; lastKnownFileType = image.png; path = "droid@2x.png"; sourceTree = "<group>"; };
		5C5833DD186018620066AE3F /* droid.wav */ = {isa = PBXFileReference; lastKnownFileType = audio.wav; path = droid.wav; sourceTree = "<group>"; };
		5C5833E118601A460066AE3F /* applause.wav */ = {isa = PBXFileReference; lastKnownFileType = audio.wav; path = applause.wav; sourceTree = "<group>"; };
		5CF6A3C5186170BC00931E7D /* mobile.wav */ = {isa = PBXFileReference; lastKnownFileType = audio.wav; path = mobile.wav; sourceTree = "<group>"; };
		5CF6A3C8186170C500931E7D /* mobile@2x.png */ = {isa = PBXFileReference; lastKnownFileType = image.png; path = "mobile@2x.png"; sourceTree = "<group>"; };
		5CF6A3C9186170C500931E7D /* mobile.png */ = {isa = PBXFileReference; lastKnownFileType = image.png; path = mobile.png; sourceTree = "<group>"; };
		5CF6A3CA186170C500931E7D /* knock.png */ = {isa = PBXFileReference; lastKnownFileType = image.png; path = knock.png; sourceTree = "<group>"; };
		5CF6A3CB186170C500931E7D /* knock@2x.png */ = {isa = PBXFileReference; lastKnownFileType = image.png; path = "knock@2x.png"; sourceTree = "<group>"; };
		5CF6A3D0186183A800931E7D /* knock.wav */ = {isa = PBXFileReference; lastKnownFileType = audio.wav; path = knock.wav; sourceTree = "<group>"; };
/* End PBXFileReference section */

/* Begin PBXFrameworksBuildPhase section */
		5C535A94185C588000B92C82 /* Frameworks */ = {
			isa = PBXFrameworksBuildPhase;
			buildActionMask = 2147483647;
			files = (
				5C535AD0185D59AA00B92C82 /* AVFoundation.framework in Frameworks */,
				5C535A9D185C588000B92C82 /* CoreGraphics.framework in Frameworks */,
				5C535A9F185C588000B92C82 /* UIKit.framework in Frameworks */,
				5C535A9B185C588000B92C82 /* Foundation.framework in Frameworks */,
			);
			runOnlyForDeploymentPostprocessing = 0;
		};
		5C535AB5185C588100B92C82 /* Frameworks */ = {
			isa = PBXFrameworksBuildPhase;
			buildActionMask = 2147483647;
			files = (
				5C535ABA185C588100B92C82 /* XCTest.framework in Frameworks */,
				5C535ABC185C588100B92C82 /* UIKit.framework in Frameworks */,
				5C535ABB185C588100B92C82 /* Foundation.framework in Frameworks */,
			);
			runOnlyForDeploymentPostprocessing = 0;
		};
/* End PBXFrameworksBuildPhase section */

/* Begin PBXGroup section */
		5C535A8E185C588000B92C82 = {
			isa = PBXGroup;
			children = (
				5C535AA0185C588000B92C82 /* SoundBox */,
				5C535ABF185C588100B92C82 /* SoundBoxTests */,
				5C535A99185C588000B92C82 /* Frameworks */,
				5C535A98185C588000B92C82 /* Products */,
			);
			sourceTree = "<group>";
		};
		5C535A98185C588000B92C82 /* Products */ = {
			isa = PBXGroup;
			children = (
				5C535A97185C588000B92C82 /* Sound Cube.app */,
				5C535AB8185C588100B92C82 /* Sound CubeTests.xctest */,
			);
			name = Products;
			sourceTree = "<group>";
		};
		5C535A99185C588000B92C82 /* Frameworks */ = {
			isa = PBXGroup;
			children = (
				5C535ACF185D59AA00B92C82 /* AVFoundation.framework */,
				5C535A9A185C588000B92C82 /* Foundation.framework */,
				5C535A9C185C588000B92C82 /* CoreGraphics.framework */,
				5C535A9E185C588000B92C82 /* UIKit.framework */,
				5C535AB9185C588100B92C82 /* XCTest.framework */,
			);
			name = Frameworks;
			sourceTree = "<group>";
		};
		5C535AA0185C588000B92C82 /* SoundBox */ = {
			isa = PBXGroup;
			children = (
				5C4F3F0218618C9900D04DF6 /* toilet@2x.png */,
				5C4F3F0318618C9900D04DF6 /* toilet.png */,
				5C4F3F0018618BF300D04DF6 /* toilet.wav */,
				5CF6A3D0186183A800931E7D /* knock.wav */,
				5CF6A3C8186170C500931E7D /* mobile@2x.png */,
				5CF6A3C9186170C500931E7D /* mobile.png */,
				5CF6A3CA186170C500931E7D /* knock.png */,
				5CF6A3CB186170C500931E7D /* knock@2x.png */,
				5CF6A3C5186170BC00931E7D /* mobile.wav */,
				5C5833E118601A460066AE3F /* applause.wav */,
				5C5833DD186018620066AE3F /* droid.wav */,
				5C5833D91860185A0066AE3F /* droid.png */,
				5C5833DA1860185A0066AE3F /* droid@2x.png */,
				5C4B0F45185EF64B00610BFF /* chicken.wav */,
				5C4B0F41185EF5F200610BFF /* chicken@2x.png */,
				5C4B0F42185EF5F200610BFF /* chicken.png */,
				5C4B0F3F185EF13100610BFF /* scream.wav */,
				5C4B0F3B185EF10E00610BFF /* scream@2x.png */,
				5C4B0F3C185EF10E00610BFF /* scream.png */,
				5C4B0F35185EC60B00610BFF /* applause@2x.png */,
				5C4B0F36185EC60B00610BFF /* applause.png */,
				5C535AD7185D6D0200B92C82 /* helsinki.ttf */,
				5C535AA9185C588000B92C82 /* SBAppDelegate.h */,
				5C535AAA185C588000B92C82 /* SBAppDelegate.m */,
				5C535AAC185C588000B92C82 /* Main.storyboard */,
				5C535AAF185C588000B92C82 /* SBViewController.h */,
				5C535AB0185C588000B92C82 /* SBViewController.m */,
				5C535AB2185C588000B92C82 /* Images.xcassets */,
				5C535AA1185C588000B92C82 /* Supporting Files */,
			);
			path = SoundBox;
			sourceTree = "<group>";
		};
		5C535AA1185C588000B92C82 /* Supporting Files */ = {
			isa = PBXGroup;
			children = (
				5C535AA2185C588000B92C82 /* SoundBox-Info.plist */,
				5C535AA3185C588000B92C82 /* InfoPlist.strings */,
				5C535AA6185C588000B92C82 /* main.m */,
				5C535AA8185C588000B92C82 /* Sound Cube-Prefix.pch */,
			);
			name = "Supporting Files";
			sourceTree = "<group>";
		};
		5C535ABF185C588100B92C82 /* SoundBoxTests */ = {
			isa = PBXGroup;
			children = (
				5C535AC5185C588100B92C82 /* SoundBoxTests.m */,
				5C535AC0185C588100B92C82 /* Supporting Files */,
			);
			path = SoundBoxTests;
			sourceTree = "<group>";
		};
		5C535AC0185C588100B92C82 /* Supporting Files */ = {
			isa = PBXGroup;
			children = (
				5C535AC1185C588100B92C82 /* Sound CubeTests-Info.plist */,
				5C535AC2185C588100B92C82 /* InfoPlist.strings */,
			);
			name = "Supporting Files";
			sourceTree = "<group>";
		};
/* End PBXGroup section */

/* Begin PBXNativeTarget section */
		5C535A96185C588000B92C82 /* Sound Cube */ = {
			isa = PBXNativeTarget;
			buildConfigurationList = 5C535AC9185C588100B92C82 /* Build configuration list for PBXNativeTarget "Sound Cube" */;
			buildPhases = (
				5C535A93185C588000B92C82 /* Sources */,
				5C535A94185C588000B92C82 /* Frameworks */,
				5C535A95185C588000B92C82 /* Resources */,
			);
			buildRules = (
			);
			dependencies = (
			);
			name = "Sound Cube";
			productName = SoundBox;
			productReference = 5C535A97185C588000B92C82 /* Sound Cube.app */;
			productType = "com.apple.product-type.application";
		};
		5C535AB7185C588100B92C82 /* Sound CubeTests */ = {
			isa = PBXNativeTarget;
			buildConfigurationList = 5C535ACC185C588100B92C82 /* Build configuration list for PBXNativeTarget "Sound CubeTests" */;
			buildPhases = (
				5C535AB4185C588100B92C82 /* Sources */,
				5C535AB5185C588100B92C82 /* Frameworks */,
				5C535AB6185C588100B92C82 /* Resources */,
			);
			buildRules = (
			);
			dependencies = (
				5C535ABE185C588100B92C82 /* PBXTargetDependency */,
			);
			name = "Sound CubeTests";
			productName = SoundBoxTests;
			productReference = 5C535AB8185C588100B92C82 /* Sound CubeTests.xctest */;
			productType = "com.apple.product-type.bundle.unit-test";
		};
/* End PBXNativeTarget section */

/* Begin PBXProject section */
		5C535A8F185C588000B92C82 /* Project object */ = {
			isa = PBXProject;
			attributes = {
				CLASSPREFIX = SB;
				LastUpgradeCheck = 0500;
				ORGANIZATIONNAME = "Jack Callister";
				TargetAttributes = {
					5C535AB7185C588100B92C82 = {
						TestTargetID = 5C535A96185C588000B92C82;
					};
				};
			};
			buildConfigurationList = 5C535A92185C588000B92C82 /* Build configuration list for PBXProject "Sound Cube" */;
			compatibilityVersion = "Xcode 3.2";
			developmentRegion = English;
			hasScannedForEncodings = 0;
			knownRegions = (
				en,
				Base,
			);
			mainGroup = 5C535A8E185C588000B92C82;
			productRefGroup = 5C535A98185C588000B92C82 /* Products */;
			projectDirPath = "";
			projectRoot = "";
			targets = (
				5C535A96185C588000B92C82 /* Sound Cube */,
				5C535AB7185C588100B92C82 /* Sound CubeTests */,
			);
		};
/* End PBXProject section */

/* Begin PBXResourcesBuildPhase section */
		5C535A95185C588000B92C82 /* Resources */ = {
			isa = PBXResourcesBuildPhase;
			buildActionMask = 2147483647;
			files = (
				5C4B0F43185EF5F200610BFF /* chicken@2x.png in Resources */,
				5C4B0F3E185EF10E00610BFF /* scream.png in Resources */,
				5C4B0F3D185EF10E00610BFF /* scream@2x.png in Resources */,
				5C535AB3185C588000B92C82 /* Images.xcassets in Resources */,
				5CF6A3CC186170C500931E7D /* mobile@2x.png in Resources */,
				5CF6A3CD186170C500931E7D /* mobile.png in Resources */,
				5CF6A3CE186170C500931E7D /* knock.png in Resources */,
				5C4F3F0418618C9900D04DF6 /* toilet@2x.png in Resources */,
				5C4B0F46185EF64B00610BFF /* chicken.wav in Resources */,
				5C5833DC1860185A0066AE3F /* droid@2x.png in Resources */,
				5C535AA5185C588000B92C82 /* InfoPlist.strings in Resources */,
				5C4B0F44185EF5F200610BFF /* chicken.png in Resources */,
				5C5833DB1860185A0066AE3F /* droid.png in Resources */,
				5CF6A3CF186170C500931E7D /* knock@2x.png in Resources */,
				5CF6A3D1186183A800931E7D /* knock.wav in Resources */,
				5C535AAE185C588000B92C82 /* Main.storyboard in Resources */,
				5CF6A3C7186170BC00931E7D /* mobile.wav in Resources */,
				5C4B0F40185EF13100610BFF /* scream.wav in Resources */,
				5C4F3F0118618BF300D04DF6 /* toilet.wav in Resources */,
				5C5833E218601A460066AE3F /* applause.wav in Resources */,
				5C4B0F38185EC60B00610BFF /* applause.png in Resources */,
				5C4B0F37185EC60B00610BFF /* applause@2x.png in Resources */,
				5C4F3F0518618C9900D04DF6 /* toilet.png in Resources */,
				5C5833DE186018620066AE3F /* droid.wav in Resources */,
			);
			runOnlyForDeploymentPostprocessing = 0;
		};
		5C535AB6185C588100B92C82 /* Resources */ = {
			isa = PBXResourcesBuildPhase;
			buildActionMask = 2147483647;
			files = (
				5C535AC4185C588100B92C82 /* InfoPlist.strings in Resources */,
			);
			runOnlyForDeploymentPostprocessing = 0;
		};
/* End PBXResourcesBuildPhase section */

/* Begin PBXSourcesBuildPhase section */
		5C535A93185C588000B92C82 /* Sources */ = {
			isa = PBXSourcesBuildPhase;
			buildActionMask = 2147483647;
			files = (
				5C535AA7185C588000B92C82 /* main.m in Sources */,
				5C535AB1185C588000B92C82 /* SBViewController.m in Sources */,
				5C535AAB185C588000B92C82 /* SBAppDelegate.m in Sources */,
			);
			runOnlyForDeploymentPostprocessing = 0;
		};
		5C535AB4185C588100B92C82 /* Sources */ = {
			isa = PBXSourcesBuildPhase;
			buildActionMask = 2147483647;
			files = (
				5C535AC6185C588100B92C82 /* SoundBoxTests.m in Sources */,
			);
			runOnlyForDeploymentPostprocessing = 0;
		};
/* End PBXSourcesBuildPhase section */

/* Begin PBXTargetDependency section */
		5C535ABE185C588100B92C82 /* PBXTargetDependency */ = {
			isa = PBXTargetDependency;
			target = 5C535A96185C588000B92C82 /* Sound Cube */;
			targetProxy = 5C535ABD185C588100B92C82 /* PBXContainerItemProxy */;
		};
/* End PBXTargetDependency section */

/* Begin PBXVariantGroup section */
		5C535AA3185C588000B92C82 /* InfoPlist.strings */ = {
			isa = PBXVariantGroup;
			children = (
				5C535AA4185C588000B92C82 /* en */,
			);
			name = InfoPlist.strings;
			sourceTree = "<group>";
		};
		5C535AAC185C588000B92C82 /* Main.storyboard */ = {
			isa = PBXVariantGroup;
			children = (
				5C535AAD185C588000B92C82 /* Base */,
			);
			name = Main.storyboard;
			sourceTree = "<group>";
		};
		5C535AC2185C588100B92C82 /* InfoPlist.strings */ = {
			isa = PBXVariantGroup;
			children = (
				5C535AC3185C588100B92C82 /* en */,
			);
			name = InfoPlist.strings;
			sourceTree = "<group>";
		};
/* End PBXVariantGroup section */

/* Begin XCBuildConfiguration section */
		5C535AC7185C588100B92C82 /* Debug */ = {
			isa = XCBuildConfiguration;
			buildSettings = {
				ALWAYS_SEARCH_USER_PATHS = NO;
				ARCHS = "$(ARCHS_STANDARD_INCLUDING_64_BIT)";
				CLANG_CXX_LANGUAGE_STANDARD = "gnu++0x";
				CLANG_CXX_LIBRARY = "libc++";
				CLANG_ENABLE_MODULES = YES;
				CLANG_ENABLE_OBJC_ARC = YES;
				CLANG_WARN_BOOL_CONVERSION = YES;
				CLANG_WARN_CONSTANT_CONVERSION = YES;
				CLANG_WARN_DIRECT_OBJC_ISA_USAGE = YES_ERROR;
				CLANG_WARN_EMPTY_BODY = YES;
				CLANG_WARN_ENUM_CONVERSION = YES;
				CLANG_WARN_INT_CONVERSION = YES;
				CLANG_WARN_OBJC_ROOT_CLASS = YES_ERROR;
				CLANG_WARN__DUPLICATE_METHOD_MATCH = YES;
				"CODE_SIGN_IDENTITY[sdk=iphoneos*]" = "iPhone Developer";
				COPY_PHASE_STRIP = NO;
				GCC_C_LANGUAGE_STANDARD = gnu99;
				GCC_DYNAMIC_NO_PIC = NO;
				GCC_OPTIMIZATION_LEVEL = 0;
				GCC_PREPROCESSOR_DEFINITIONS = (
					"DEBUG=1",
					"$(inherited)",
				);
				GCC_SYMBOLS_PRIVATE_EXTERN = NO;
				GCC_WARN_64_TO_32_BIT_CONVERSION = YES;
				GCC_WARN_ABOUT_RETURN_TYPE = YES_ERROR;
				GCC_WARN_UNDECLARED_SELECTOR = YES;
				GCC_WARN_UNINITIALIZED_AUTOS = YES;
				GCC_WARN_UNUSED_FUNCTION = YES;
				GCC_WARN_UNUSED_VARIABLE = YES;
				IPHONEOS_DEPLOYMENT_TARGET = 7.0;
				ONLY_ACTIVE_ARCH = YES;
				SDKROOT = iphoneos;
			};
			name = Debug;
		};
		5C535AC8185C588100B92C82 /* Release */ = {
			isa = XCBuildConfiguration;
			buildSettings = {
				ALWAYS_SEARCH_USER_PATHS = NO;
				ARCHS = "$(ARCHS_STANDARD_INCLUDING_64_BIT)";
				CLANG_CXX_LANGUAGE_STANDARD = "gnu++0x";
				CLANG_CXX_LIBRARY = "libc++";
				CLANG_ENABLE_MODULES = YES;
				CLANG_ENABLE_OBJC_ARC = YES;
				CLANG_WARN_BOOL_CONVERSION = YES;
				CLANG_WARN_CONSTANT_CONVERSION = YES;
				CLANG_WARN_DIRECT_OBJC_ISA_USAGE = YES_ERROR;
				CLANG_WARN_EMPTY_BODY = YES;
				CLANG_WARN_ENUM_CONVERSION = YES;
				CLANG_WARN_INT_CONVERSION = YES;
				CLANG_WARN_OBJC_ROOT_CLASS = YES_ERROR;
				CLANG_WARN__DUPLICATE_METHOD_MATCH = YES;
				"CODE_SIGN_IDENTITY[sdk=iphoneos*]" = "iPhone Developer";
				COPY_PHASE_STRIP = YES;
				ENABLE_NS_ASSERTIONS = NO;
				GCC_C_LANGUAGE_STANDARD = gnu99;
				GCC_WARN_64_TO_32_BIT_CONVERSION = YES;
				GCC_WARN_ABOUT_RETURN_TYPE = YES_ERROR;
				GCC_WARN_UNDECLARED_SELECTOR = YES;
				GCC_WARN_UNINITIALIZED_AUTOS = YES;
				GCC_WARN_UNUSED_FUNCTION = YES;
				GCC_WARN_UNUSED_VARIABLE = YES;
				IPHONEOS_DEPLOYMENT_TARGET = 7.0;
				SDKROOT = iphoneos;
				VALIDATE_PRODUCT = YES;
			};
			name = Release;
		};
		5C535ACA185C588100B92C82 /* Debug */ = {
			isa = XCBuildConfiguration;
			buildSettings = {
				ASSETCATALOG_COMPILER_APPICON_NAME = AppIcon;
				ASSETCATALOG_COMPILER_LAUNCHIMAGE_NAME = LaunchImage;
				GCC_PRECOMPILE_PREFIX_HEADER = YES;
				GCC_PREFIX_HEADER = "SoundBox/Sound Cube-Prefix.pch";
				INFOPLIST_FILE = "SoundBox/SoundBox-Info.plist";
				PRODUCT_NAME = "Sound Cube";
				WRAPPER_EXTENSION = app;
			};
			name = Debug;
		};
		5C535ACB185C588100B92C82 /* Release */ = {
			isa = XCBuildConfiguration;
			buildSettings = {
				ASSETCATALOG_COMPILER_APPICON_NAME = AppIcon;
				ASSETCATALOG_COMPILER_LAUNCHIMAGE_NAME = LaunchImage;
				GCC_PRECOMPILE_PREFIX_HEADER = YES;
				GCC_PREFIX_HEADER = "SoundBox/Sound Cube-Prefix.pch";
				INFOPLIST_FILE = "SoundBox/SoundBox-Info.plist";
				PRODUCT_NAME = "Sound Cube";
				WRAPPER_EXTENSION = app;
			};
			name = Release;
		};
		5C535ACD185C588100B92C82 /* Debug */ = {
			isa = XCBuildConfiguration;
			buildSettings = {
				ARCHS = "$(ARCHS_STANDARD_INCLUDING_64_BIT)";
				BUNDLE_LOADER = "$(BUILT_PRODUCTS_DIR)/SoundBox.app/SoundBox";
				FRAMEWORK_SEARCH_PATHS = (
					"$(SDKROOT)/Developer/Library/Frameworks",
					"$(inherited)",
					"$(DEVELOPER_FRAMEWORKS_DIR)",
				);
				GCC_PRECOMPILE_PREFIX_HEADER = YES;
				GCC_PREFIX_HEADER = "SoundBox/SoundBox-Prefix.pch";
				GCC_PREPROCESSOR_DEFINITIONS = (
					"DEBUG=1",
					"$(inherited)",
				);
				INFOPLIST_FILE = "SoundBoxTests/Sound CubeTests-Info.plist";
				PRODUCT_NAME = "Sound CubeTests";
				TEST_HOST = "$(BUNDLE_LOADER)";
				WRAPPER_EXTENSION = xctest;
			};
			name = Debug;
		};
		5C535ACE185C588100B92C82 /* Release */ = {
			isa = XCBuildConfiguration;
			buildSettings = {
				ARCHS = "$(ARCHS_STANDARD_INCLUDING_64_BIT)";
				BUNDLE_LOADER = "$(BUILT_PRODUCTS_DIR)/SoundBox.app/SoundBox";
				FRAMEWORK_SEARCH_PATHS = (
					"$(SDKROOT)/Developer/Library/Frameworks",
					"$(inherited)",
					"$(DEVELOPER_FRAMEWORKS_DIR)",
				);
				GCC_PRECOMPILE_PREFIX_HEADER = YES;
				GCC_PREFIX_HEADER = "SoundBox/SoundBox-Prefix.pch";
				INFOPLIST_FILE = "SoundBoxTests/Sound CubeTests-Info.plist";
				PRODUCT_NAME = "Sound CubeTests";
				TEST_HOST = "$(BUNDLE_LOADER)";
				WRAPPER_EXTENSION = xctest;
			};
			name = Release;
		};
/* End XCBuildConfiguration section */

/* Begin XCConfigurationList section */
		5C535A92185C588000B92C82 /* Build configuration list for PBXProject "Sound Cube" */ = {
			isa = XCConfigurationList;
			buildConfigurations = (
				5C535AC7185C588100B92C82 /* Debug */,
				5C535AC8185C588100B92C82 /* Release */,
			);
			defaultConfigurationIsVisible = 0;
			defaultConfigurationName = Release;
		};
		5C535AC9185C588100B92C82 /* Build configuration list for PBXNativeTarget "Sound Cube" */ = {
			isa = XCConfigurationList;
			buildConfigurations = (
				5C535ACA185C588100B92C82 /* Debug */,
				5C535ACB185C588100B92C82 /* Release */,
			);
			defaultConfigurationIsVisible = 0;
			defaultConfigurationName = Release;
		};
		5C535ACC185C588100B92C82 /* Build configuration list for PBXNativeTarget "Sound CubeTests" */ = {
			isa = XCConfigurationList;
			buildConfigurations = (
				5C535ACD185C588100B92C82 /* Debug */,
				5C535ACE185C588100B92C82 /* Release */,
			);
			defaultConfigurationIsVisible = 0;
			defaultConfigurationName = Release;
		};
/* End XCConfigurationList section */
	};
	rootObject = 5C535A8F185C588000B92C82 /* Project object */;
}
